
Microsoft Visual Studio Solution File, Format Version 12.00
# Visual Studio 15
VisualStudioVersion = 15.0.27004.2009
MinimumVisualStudioVersion = 10.0.40219.1
Project("{FAE04EC0-301F-11D3-BF4B-00C04F79EFBC}") = "LMGacUtil", "LMGacUtil.csproj", "{BE07BE4A-7FA5-4C49-BC34-F56CDA42B3AA}"
EndProject
Global
	GlobalSection(SolutionConfigurationPlatforms) = preSolution
		Debug|Any CPU = Debug|Any CPU
		Release|Any CPU = Release|Any CPU
	EndGlobalSection
	GlobalSection(ProjectConfigurationPlatforms) = postSolution
		{BE07BE4A-7FA5-4C49-BC34-F56CDA42B3AA}.Debug|Any CPU.ActiveCfg = Debug|Any CPU
		{BE07BE4A-7FA5-4C49-BC34-F56CDA42B3AA}.Debug|Any CPU.Build.0 = Debug|Any CPU
		{BE07BE4A-7FA5-4C49-BC34-F56CDA42B3AA}.Release|Any CPU.ActiveCfg = Release|Any CPU
		{BE07BE4A-7FA5-4C49-BC34-F56CDA42B3AA}.Release|Any CPU.Build.0 = Release|Any CPU
	EndGlobalSection
	GlobalSection(SolutionProperties) = preSolution
		HideSolutionNode = FALSE
	EndGlobalSection
	GlobalSection(ExtensibilityGlobals) = postSolution
		SolutionGuid = {03E765BB-E283-46E0-8A70-3B0848C205D6}
	EndGlobalSection
EndGlobal
